
Microsoft Visual Studio Solution File, Format Version 12.00
# Visual Studio Version 17
VisualStudioVersion = 17.7.34009.444
MinimumVisualStudioVersion = 10.0.40219.1
Project("{FAE04EC0-301F-11D3-BF4B-00C04F79EFBC}") = "Tablo", "Tablo\Tablo.csproj", "{E417427D-AEF6-492B-A89C-86E790B49448}"
EndProject
Global
	GlobalSection(SolutionConfigurationPlatforms) = preSolution
		Debug|Any CPU = Debug|Any CPU
		Release|Any CPU = Release|Any CPU
	EndGlobalSection
	GlobalSection(ProjectConfigurationPlatforms) = postSolution
		{E417427D-AEF6-492B-A89C-86E790B49448}.Debug|Any CPU.ActiveCfg = Debug|Any CPU
		{E417427D-AEF6-492B-A89C-86E790B49448}.Debug|Any CPU.Build.0 = Debug|Any CPU
		{E417427D-AEF6-492B-A89C-86E790B49448}.Release|Any CPU.ActiveCfg = Release|Any CPU
		{E417427D-AEF6-492B-A89C-86E790B49448}.Release|Any CPU.Build.0 = Release|Any CPU
	EndGlobalSection
	GlobalSection(SolutionProperties) = preSolution
		HideSolutionNode = FALSE
	EndGlobalSection
	GlobalSection(ExtensibilityGlobals) = postSolution
		SolutionGuid = {8FEDF279-66B6-4456-96CA-945C19E4355B}
	EndGlobalSection
EndGlobal
